// !$*UTF8*$!
{
	archiveVersion = 1;
	classes = {
	};
	objectVersion = 50;
	objects = {

/* Begin PBXBuildFile section */
		A95AFD772268171300DC3BE3 /* SWRevealViewController.m in Sources */ = {isa = PBXBuildFile; fileRef = A95AFD752268171300DC3BE3 /* SWRevealViewController.m */; };
		A9646E982260EB97005C6B2C /* AppDelegate.swift in Sources */ = {isa = PBXBuildFile; fileRef = A9646E972260EB97005C6B2C /* AppDelegate.swift */; };
		A9646E9A2260EB97005C6B2C /* ViewController.swift in Sources */ = {isa = PBXBuildFile; fileRef = A9646E992260EB97005C6B2C /* ViewController.swift */; };
		A9646E9D2260EB97005C6B2C /* Main.storyboard in Resources */ = {isa = PBXBuildFile; fileRef = A9646E9B2260EB97005C6B2C /* Main.storyboard */; };
		A9646E9F2260EB98005C6B2C /* Assets.xcassets in Resources */ = {isa = PBXBuildFile; fileRef = A9646E9E2260EB98005C6B2C /* Assets.xcassets */; };
		A9646EA22260EB98005C6B2C /* LaunchScreen.storyboard in Resources */ = {isa = PBXBuildFile; fileRef = A9646EA02260EB98005C6B2C /* LaunchScreen.storyboard */; };
		DE87E4C192D1BC01DA862A68 /* Pods_QuickChatV1.framework in Frameworks */ = {isa = PBXBuildFile; fileRef = AE84490AE22535C0E10A2394 /* Pods_QuickChatV1.framework */; };
/* End PBXBuildFile section */

/* Begin PBXFileReference section */
		02284F84409E20596DB3241F /* Pods-QuickChatV1.debug.xcconfig */ = {isa = PBXFileReference; includeInIndex = 1; lastKnownFileType = text.xcconfig; name = "Pods-QuickChatV1.debug.xcconfig"; path = "Pods/Target Support Files/Pods-QuickChatV1/Pods-QuickChatV1.debug.xcconfig"; sourceTree = "<group>"; };
		A95AFD742268171300DC3BE3 /* QuickChatV1-Bridging-Header.h */ = {isa = PBXFileReference; lastKnownFileType = sourcecode.c.h; path = "QuickChatV1-Bridging-Header.h"; sourceTree = "<group>"; };
		A95AFD752268171300DC3BE3 /* SWRevealViewController.m */ = {isa = PBXFileReference; fileEncoding = 4; lastKnownFileType = sourcecode.c.objc; path = SWRevealViewController.m; sourceTree = "<group>"; };
		A95AFD762268171300DC3BE3 /* SWRevealViewController.h */ = {isa = PBXFileReference; fileEncoding = 4; lastKnownFileType = sourcecode.c.h; path = SWRevealViewController.h; sourceTree = "<group>"; };
		A9646E942260EB97005C6B2C /* QuickChatV1.app */ = {isa = PBXFileReference; explicitFileType = wrapper.application; includeInIndex = 0; path = QuickChatV1.app; sourceTree = BUILT_PRODUCTS_DIR; };
		A9646E972260EB97005C6B2C /* AppDelegate.swift */ = {isa = PBXFileReference; lastKnownFileType = sourcecode.swift; path = AppDelegate.swift; sourceTree = "<group>"; };
		A9646E992260EB97005C6B2C /* ViewController.swift */ = {isa = PBXFileReference; lastKnownFileType = sourcecode.swift; path = ViewController.swift; sourceTree = "<group>"; };
		A9646E9C2260EB97005C6B2C /* Base */ = {isa = PBXFileReference; lastKnownFileType = file.storyboard; name = Base; path = Base.lproj/Main.storyboard; sourceTree = "<group>"; };
		A9646E9E2260EB98005C6B2C /* Assets.xcassets */ = {isa = PBXFileReference; lastKnownFileType = folder.assetcatalog; path = Assets.xcassets; sourceTree = "<group>"; };
		A9646EA12260EB98005C6B2C /* Base */ = {isa = PBXFileReference; lastKnownFileType = file.storyboard; name = Base; path = Base.lproj/LaunchScreen.storyboard; sourceTree = "<group>"; };
		A9646EA32260EB98005C6B2C /* Info.plist */ = {isa = PBXFileReference; lastKnownFileType = text.plist.xml; path = Info.plist; sourceTree = "<group>"; };
		AE84490AE22535C0E10A2394 /* Pods_QuickChatV1.framework */ = {isa = PBXFileReference; explicitFileType = wrapper.framework; includeInIndex = 0; path = Pods_QuickChatV1.framework; sourceTree = BUILT_PRODUCTS_DIR; };
		AFACAE32CAD907EB199076E5 /* Pods-QuickChatV1.release.xcconfig */ = {isa = PBXFileReference; includeInIndex = 1; lastKnownFileType = text.xcconfig; name = "Pods-QuickChatV1.release.xcconfig"; path = "Pods/Target Support Files/Pods-QuickChatV1/Pods-QuickChatV1.release.xcconfig"; sourceTree = "<group>"; };
/* End PBXFileReference section */

/* Begin PBXFrameworksBuildPhase section */
		A9646E912260EB97005C6B2C /* Frameworks */ = {
			isa = PBXFrameworksBuildPhase;
			buildActionMask = 2147483647;
			files = (
				DE87E4C192D1BC01DA862A68 /* Pods_QuickChatV1.framework in Frameworks */,
			);
			runOnlyForDeploymentPostprocessing = 0;
		};
/* End PBXFrameworksBuildPhase section */

/* Begin PBXGroup section */
		2A61EE4FC814230D2F170BC1 /* Frameworks */ = {
			isa = PBXGroup;
			children = (
				AE84490AE22535C0E10A2394 /* Pods_QuickChatV1.framework */,
			);
			name = Frameworks;
			sourceTree = "<group>";
		};
		A95AFD782268171900DC3BE3 /* SWReveal */ = {
			isa = PBXGroup;
			children = (
				A95AFD762268171300DC3BE3 /* SWRevealViewController.h */,
				A95AFD752268171300DC3BE3 /* SWRevealViewController.m */,
			);
			path = SWReveal;
			sourceTree = "<group>";
		};
		A9646E8B2260EB97005C6B2C = {
			isa = PBXGroup;
			children = (
				A9646E962260EB97005C6B2C /* QuickChatV1 */,
				A9646E952260EB97005C6B2C /* Products */,
				DAB22358CD0CA3B8B8FD6746 /* Pods */,
				2A61EE4FC814230D2F170BC1 /* Frameworks */,
			);
			sourceTree = "<group>";
		};
		A9646E952260EB97005C6B2C /* Products */ = {
			isa = PBXGroup;
			children = (
				A9646E942260EB97005C6B2C /* QuickChatV1.app */,
			);
			name = Products;
			sourceTree = "<group>";
		};
		A9646E962260EB97005C6B2C /* QuickChatV1 */ = {
			isa = PBXGroup;
			children = (
				A95AFD782268171900DC3BE3 /* SWReveal */,
				A9646EA922611976005C6B2C /* Model */,
				A9646EAA2261197F005C6B2C /* View */,
				A9646EAB22611989005C6B2C /* Controller */,
				A9646E972260EB97005C6B2C /* AppDelegate.swift */,
				A9646E9B2260EB97005C6B2C /* Main.storyboard */,
				A9646E9E2260EB98005C6B2C /* Assets.xcassets */,
				A9646EA02260EB98005C6B2C /* LaunchScreen.storyboard */,
				A9646EA32260EB98005C6B2C /* Info.plist */,
				A95AFD742268171300DC3BE3 /* QuickChatV1-Bridging-Header.h */,
			);
			path = QuickChatV1;
			sourceTree = "<group>";
		};
		A9646EA922611976005C6B2C /* Model */ = {
			isa = PBXGroup;
			children = (
			);
			path = Model;
			sourceTree = "<group>";
		};
		A9646EAA2261197F005C6B2C /* View */ = {
			isa = PBXGroup;
			children = (
				A9646E992260EB97005C6B2C /* ViewController.swift */,
			);
			path = View;
			sourceTree = "<group>";
		};
		A9646EAB22611989005C6B2C /* Controller */ = {
			isa = PBXGroup;
			children = (
			);
			path = Controller;
			sourceTree = "<group>";
		};
		DAB22358CD0CA3B8B8FD6746 /* Pods */ = {
			isa = PBXGroup;
			children = (
				02284F84409E20596DB3241F /* Pods-QuickChatV1.debug.xcconfig */,
				AFACAE32CAD907EB199076E5 /* Pods-QuickChatV1.release.xcconfig */,
			);
			name = Pods;
			sourceTree = "<group>";
		};
/* End PBXGroup section */

/* Begin PBXNativeTarget section */
		A9646E932260EB97005C6B2C /* QuickChatV1 */ = {
			isa = PBXNativeTarget;
			buildConfigurationList = A9646EA62260EB98005C6B2C /* Build configuration list for PBXNativeTarget "QuickChatV1" */;
			buildPhases = (
				A9327180A484DF4D1E6752DA /* [CP] Check Pods Manifest.lock */,
				A9646E902260EB97005C6B2C /* Sources */,
				A9646E912260EB97005C6B2C /* Frameworks */,
				A9646E922260EB97005C6B2C /* Resources */,
				340E21825FEED73F786724C7 /* [CP] Embed Pods Frameworks */,
			);
			buildRules = (
			);
			dependencies = (
			);
			name = QuickChatV1;
			productName = QuickChatV1;
			productReference = A9646E942260EB97005C6B2C /* QuickChatV1.app */;
			productType = "com.apple.product-type.application";
		};
/* End PBXNativeTarget section */

/* Begin PBXProject section */
		A9646E8C2260EB97005C6B2C /* Project object */ = {
			isa = PBXProject;
			attributes = {
				LastSwiftUpdateCheck = 1010;
				LastUpgradeCheck = 1010;
				ORGANIZATIONNAME = "Kyla Wilson";
				TargetAttributes = {
					A9646E932260EB97005C6B2C = {
						CreatedOnToolsVersion = 10.1;
						LastSwiftMigration = 1010;
					};
				};
			};
			buildConfigurationList = A9646E8F2260EB97005C6B2C /* Build configuration list for PBXProject "QuickChatV1" */;
			compatibilityVersion = "Xcode 9.3";
			developmentRegion = en;
			hasScannedForEncodings = 0;
			knownRegions = (
				en,
				Base,
			);
			mainGroup = A9646E8B2260EB97005C6B2C;
			productRefGroup = A9646E952260EB97005C6B2C /* Products */;
			projectDirPath = "";
			projectRoot = "";
			targets = (
				A9646E932260EB97005C6B2C /* QuickChatV1 */,
			);
		};
/* End PBXProject section */

/* Begin PBXResourcesBuildPhase section */
		A9646E922260EB97005C6B2C /* Resources */ = {
			isa = PBXResourcesBuildPhase;
			buildActionMask = 2147483647;
			files = (
				A9646EA22260EB98005C6B2C /* LaunchScreen.storyboard in Resources */,
				A9646E9F2260EB98005C6B2C /* Assets.xcassets in Resources */,
				A9646E9D2260EB97005C6B2C /* Main.storyboard in Resources */,
			);
			runOnlyForDeploymentPostprocessing = 0;
		};
/* End PBXResourcesBuildPhase section */

/* Begin PBXShellScriptBuildPhase section */
		340E21825FEED73F786724C7 /* [CP] Embed Pods Frameworks */ = {
			isa = PBXShellScriptBuildPhase;
			buildActionMask = 2147483647;
			files = (
			);
			inputPaths = (
				"${SRCROOT}/Pods/Target Support Files/Pods-QuickChatV1/Pods-QuickChatV1-frameworks.sh",
				"${BUILT_PRODUCTS_DIR}/Alamofire/Alamofire.framework",
				"${BUILT_PRODUCTS_DIR}/Socket.IO-Client-Swift/SocketIO.framework",
				"${BUILT_PRODUCTS_DIR}/Starscream/Starscream.framework",
				"${BUILT_PRODUCTS_DIR}/SwiftyJSON/SwiftyJSON.framework",
			);
			name = "[CP] Embed Pods Frameworks";
			outputPaths = (
				"${TARGET_BUILD_DIR}/${FRAMEWORKS_FOLDER_PATH}/Alamofire.framework",
				"${TARGET_BUILD_DIR}/${FRAMEWORKS_FOLDER_PATH}/SocketIO.framework",
				"${TARGET_BUILD_DIR}/${FRAMEWORKS_FOLDER_PATH}/Starscream.framework",
				"${TARGET_BUILD_DIR}/${FRAMEWORKS_FOLDER_PATH}/SwiftyJSON.framework",
			);
			runOnlyForDeploymentPostprocessing = 0;
			shellPath = /bin/sh;
			shellScript = "\"${SRCROOT}/Pods/Target Support Files/Pods-QuickChatV1/Pods-QuickChatV1-frameworks.sh\"\n";
			showEnvVarsInLog = 0;
		};
		A9327180A484DF4D1E6752DA /* [CP] Check Pods Manifest.lock */ = {
			isa = PBXShellScriptBuildPhase;
			buildActionMask = 2147483647;
			files = (
			);
			inputPaths = (
				"${PODS_PODFILE_DIR_PATH}/Podfile.lock",
				"${PODS_ROOT}/Manifest.lock",
			);
			name = "[CP] Check Pods Manifest.lock";
			outputPaths = (
				"$(DERIVED_FILE_DIR)/Pods-QuickChatV1-checkManifestLockResult.txt",
			);
			runOnlyForDeploymentPostprocessing = 0;
			shellPath = /bin/sh;
			shellScript = "diff \"${PODS_PODFILE_DIR_PATH}/Podfile.lock\" \"${PODS_ROOT}/Manifest.lock\" > /dev/null\nif [ $? != 0 ] ; then\n    # print error to STDERR\n    echo \"error: The sandbox is not in sync with the Podfile.lock. Run 'pod install' or update your CocoaPods installation.\" >&2\n    exit 1\nfi\n# This output is used by Xcode 'outputs' to avoid re-running this script phase.\necho \"SUCCESS\" > \"${SCRIPT_OUTPUT_FILE_0}\"\n";
			showEnvVarsInLog = 0;
		};
/* End PBXShellScriptBuildPhase section */

/* Begin PBXSourcesBuildPhase section */
		A9646E902260EB97005C6B2C /* Sources */ = {
			isa = PBXSourcesBuildPhase;
			buildActionMask = 2147483647;
			files = (
				A9646E9A2260EB97005C6B2C /* ViewController.swift in Sources */,
				A9646E982260EB97005C6B2C /* AppDelegate.swift in Sources */,
				A95AFD772268171300DC3BE3 /* SWRevealViewController.m in Sources */,
			);
			runOnlyForDeploymentPostprocessing = 0;
		};
/* End PBXSourcesBuildPhase section */

/* Begin PBXVariantGroup section */
		A9646E9B2260EB97005C6B2C /* Main.storyboard */ = {
			isa = PBXVariantGroup;
			children = (
				A9646E9C2260EB97005C6B2C /* Base */,
			);
			name = Main.storyboard;
			sourceTree = "<group>";
		};
		A9646EA02260EB98005C6B2C /* LaunchScreen.storyboard */ = {
			isa = PBXVariantGroup;
			children = (
				A9646EA12260EB98005C6B2C /* Base */,
			);
			name = LaunchScreen.storyboard;
			sourceTree = "<group>";
		};
/* End PBXVariantGroup section */

/* Begin XCBuildConfiguration section */
		A9646EA42260EB98005C6B2C /* Debug */ = {
			isa = XCBuildConfiguration;
			buildSettings = {
				ALWAYS_SEARCH_USER_PATHS = NO;
				CLANG_ANALYZER_NONNULL = YES;
				CLANG_ANALYZER_NUMBER_OBJECT_CONVERSION = YES_AGGRESSIVE;
				CLANG_CXX_LANGUAGE_STANDARD = "gnu++14";
				CLANG_CXX_LIBRARY = "libc++";
				CLANG_ENABLE_MODULES = YES;
				CLANG_ENABLE_OBJC_ARC = YES;
				CLANG_ENABLE_OBJC_WEAK = YES;
				CLANG_WARN_BLOCK_CAPTURE_AUTORELEASING = YES;
				CLANG_WARN_BOOL_CONVERSION = YES;
				CLANG_WARN_COMMA = YES;
				CLANG_WARN_CONSTANT_CONVERSION = YES;
				CLANG_WARN_DEPRECATED_OBJC_IMPLEMENTATIONS = YES;
				CLANG_WARN_DIRECT_OBJC_ISA_USAGE = YES_ERROR;
				CLANG_WARN_DOCUMENTATION_COMMENTS = YES;
				CLANG_WARN_EMPTY_BODY = YES;
				CLANG_WARN_ENUM_CONVERSION = YES;
				CLANG_WARN_INFINITE_RECURSION = YES;
				CLANG_WARN_INT_CONVERSION = YES;
				CLANG_WARN_NON_LITERAL_NULL_CONVERSION = YES;
				CLANG_WARN_OBJC_IMPLICIT_RETAIN_SELF = YES;
				CLANG_WARN_OBJC_LITERAL_CONVERSION = YES;
				CLANG_WARN_OBJC_ROOT_CLASS = YES_ERROR;
				CLANG_WARN_RANGE_LOOP_ANALYSIS = YES;
				CLANG_WARN_STRICT_PROTOTYPES = YES;
				CLANG_WARN_SUSPICIOUS_MOVE = YES;
				CLANG_WARN_UNGUARDED_AVAILABILITY = YES_AGGRESSIVE;
				CLANG_WARN_UNREACHABLE_CODE = YES;
				CLANG_WARN__DUPLICATE_METHOD_MATCH = YES;
				CODE_SIGN_IDENTITY = "iPhone Developer";
				COPY_PHASE_STRIP = NO;
				DEBUG_INFORMATION_FORMAT = dwarf;
				ENABLE_STRICT_OBJC_MSGSEND = YES;
				ENABLE_TESTABILITY = YES;
				GCC_C_LANGUAGE_STANDARD = gnu11;
				GCC_DYNAMIC_NO_PIC = NO;
				GCC_NO_COMMON_BLOCKS = YES;
				GCC_OPTIMIZATION_LEVEL = 0;
				GCC_PREPROCESSOR_DEFINITIONS = (
					"DEBUG=1",
					"$(inherited)",
				);
				GCC_WARN_64_TO_32_BIT_CONVERSION = YES;
				GCC_WARN_ABOUT_RETURN_TYPE = YES_ERROR;
				GCC_WARN_UNDECLARED_SELECTOR = YES;
				GCC_WARN_UNINITIALIZED_AUTOS = YES_AGGRESSIVE;
				GCC_WARN_UNUSED_FUNCTION = YES;
				GCC_WARN_UNUSED_VARIABLE = YES;
				IPHONEOS_DEPLOYMENT_TARGET = 12.1;
				MTL_ENABLE_DEBUG_INFO = INCLUDE_SOURCE;
				MTL_FAST_MATH = YES;
				ONLY_ACTIVE_ARCH = YES;
				SDKROOT = iphoneos;
				SWIFT_ACTIVE_COMPILATION_CONDITIONS = DEBUG;
				SWIFT_OPTIMIZATION_LEVEL = "-Onone";
			};
			name = Debug;
		};
		A9646EA52260EB98005C6B2C /* Release */ = {
			isa = XCBuildConfiguration;
			buildSettings = {
				ALWAYS_SEARCH_USER_PATHS = NO;
				CLANG_ANALYZER_NONNULL = YES;
				CLANG_ANALYZER_NUMBER_OBJECT_CONVERSION = YES_AGGRESSIVE;
				CLANG_CXX_LANGUAGE_STANDARD = "gnu++14";
				CLANG_CXX_LIBRARY = "libc++";
				CLANG_ENABLE_MODULES = YES;
				CLANG_ENABLE_OBJC_ARC = YES;
				CLANG_ENABLE_OBJC_WEAK = YES;
				CLANG_WARN_BLOCK_CAPTURE_AUTORELEASING = YES;
				CLANG_WARN_BOOL_CONVERSION = YES;
				CLANG_WARN_COMMA = YES;
				CLANG_WARN_CONSTANT_CONVERSION = YES;
				CLANG_WARN_DEPRECATED_OBJC_IMPLEMENTATIONS = YES;
				CLANG_WARN_DIRECT_OBJC_ISA_USAGE = YES_ERROR;
				CLANG_WARN_DOCUMENTATION_COMMENTS = YES;
				CLANG_WARN_EMPTY_BODY = YES;
				CLANG_WARN_ENUM_CONVERSION = YES;
				CLANG_WARN_INFINITE_RECURSION = YES;
				CLANG_WARN_INT_CONVERSION = YES;
				CLANG_WARN_NON_LITERAL_NULL_CONVERSION = YES;
				CLANG_WARN_OBJC_IMPLICIT_RETAIN_SELF = YES;
				CLANG_WARN_OBJC_LITERAL_CONVERSION = YES;
				CLANG_WARN_OBJC_ROOT_CLASS = YES_ERROR;
				CLANG_WARN_RANGE_LOOP_ANALYSIS = YES;
				CLANG_WARN_STRICT_PROTOTYPES = YES;
				CLANG_WARN_SUSPICIOUS_MOVE = YES;
				CLANG_WARN_UNGUARDED_AVAILABILITY = YES_AGGRESSIVE;
				CLANG_WARN_UNREACHABLE_CODE = YES;
				CLANG_WARN__DUPLICATE_METHOD_MATCH = YES;
				CODE_SIGN_IDENTITY = "iPhone Developer";
				COPY_PHASE_STRIP = NO;
				DEBUG_INFORMATION_FORMAT = "dwarf-with-dsym";
				ENABLE_NS_ASSERTIONS = NO;
				ENABLE_STRICT_OBJC_MSGSEND = YES;
				GCC_C_LANGUAGE_STANDARD = gnu11;
				GCC_NO_COMMON_BLOCKS = YES;
				GCC_WARN_64_TO_32_BIT_CONVERSION = YES;
				GCC_WARN_ABOUT_RETURN_TYPE = YES_ERROR;
				GCC_WARN_UNDECLARED_SELECTOR = YES;
				GCC_WARN_UNINITIALIZED_AUTOS = YES_AGGRESSIVE;
				GCC_WARN_UNUSED_FUNCTION = YES;
				GCC_WARN_UNUSED_VARIABLE = YES;
				IPHONEOS_DEPLOYMENT_TARGET = 12.1;
				MTL_ENABLE_DEBUG_INFO = NO;
				MTL_FAST_MATH = YES;
				SDKROOT = iphoneos;
				SWIFT_COMPILATION_MODE = wholemodule;
				SWIFT_OPTIMIZATION_LEVEL = "-O";
				VALIDATE_PRODUCT = YES;
			};
			name = Release;
		};
		A9646EA72260EB98005C6B2C /* Debug */ = {
			isa = XCBuildConfiguration;
			baseConfigurationReference = 02284F84409E20596DB3241F /* Pods-QuickChatV1.debug.xcconfig */;
			buildSettings = {
				ASSETCATALOG_COMPILER_APPICON_NAME = AppIcon;
				CLANG_ENABLE_MODULES = YES;
				CODE_SIGN_STYLE = Automatic;
				DEVELOPMENT_TEAM = G4W8G2YXN6;
				INFOPLIST_FILE = QuickChatV1/Info.plist;
				LD_RUNPATH_SEARCH_PATHS = (
					"$(inherited)",
					"@executable_path/Frameworks",
				);
				PRODUCT_BUNDLE_IDENTIFIER = Kyla.QuickChatV1;
				PRODUCT_NAME = "$(TARGET_NAME)";
				SWIFT_OBJC_BRIDGING_HEADER = "QuickChatV1/QuickChatV1-Bridging-Header.h";
				SWIFT_OPTIMIZATION_LEVEL = "-Onone";
				SWIFT_VERSION = 4.2;
				TARGETED_DEVICE_FAMILY = "1,2";
			};
			name = Debug;
		};
		A9646EA82260EB98005C6B2C /* Release */ = {
			isa = XCBuildConfiguration;
			baseConfigurationReference = AFACAE32CAD907EB199076E5 /* Pods-QuickChatV1.release.xcconfig */;
			buildSettings = {
				ASSETCATALOG_COMPILER_APPICON_NAME = AppIcon;
				CLANG_ENABLE_MODULES = YES;
				CODE_SIGN_STYLE = Automatic;
				DEVELOPMENT_TEAM = G4W8G2YXN6;
				INFOPLIST_FILE = QuickChatV1/Info.plist;
				LD_RUNPATH_SEARCH_PATHS = (
					"$(inherited)",
					"@executable_path/Frameworks",
				);
				PRODUCT_BUNDLE_IDENTIFIER = Kyla.QuickChatV1;
				PRODUCT_NAME = "$(TARGET_NAME)";
				SWIFT_OBJC_BRIDGING_HEADER = "QuickChatV1/QuickChatV1-Bridging-Header.h";
				SWIFT_VERSION = 4.2;
				TARGETED_DEVICE_FAMILY = "1,2";
			};
			name = Release;
		};
/* End XCBuildConfiguration section */

/* Begin XCConfigurationList section */
		A9646E8F2260EB97005C6B2C /* Build configuration list for PBXProject "QuickChatV1" */ = {
			isa = XCConfigurationList;
			buildConfigurations = (
				A9646EA42260EB98005C6B2C /* Debug */,
				A9646EA52260EB98005C6B2C /* Release */,
			);
			defaultConfigurationIsVisible = 0;
			defaultConfigurationName = Release;
		};
		A9646EA62260EB98005C6B2C /* Build configuration list for PBXNativeTarget "QuickChatV1" */ = {
			isa = XCConfigurationList;
			buildConfigurations = (
				A9646EA72260EB98005C6B2C /* Debug */,
				A9646EA82260EB98005C6B2C /* Release */,
			);
			defaultConfigurationIsVisible = 0;
			defaultConfigurationName = Release;
		};
/* End XCConfigurationList section */
	};
	rootObject = A9646E8C2260EB97005C6B2C /* Project object */;
}
